
Microsoft Visual Studio Solution File, Format Version 12.00
# Visual Studio Version 17
VisualStudioVersion = 17.7.34031.279
MinimumVisualStudioVersion = 10.0.40219.1
Project("{FAE04EC0-301F-11D3-BF4B-00C04F79EFBC}") = "simple_pmc_mover", "simple_pmc_mover\simple_pmc_mover.csproj", "{F4EF8962-D5FA-4365-93F1-5034C945ECCE}"
EndProject
Global
	GlobalSection(SolutionConfigurationPlatforms) = preSolution
		Debug|Any CPU = Debug|Any CPU
		Release|Any CPU = Release|Any CPU
	EndGlobalSection
	GlobalSection(ProjectConfigurationPlatforms) = postSolution
		{F4EF8962-D5FA-4365-93F1-5034C945ECCE}.Debug|Any CPU.ActiveCfg = Debug|Any CPU
		{F4EF8962-D5FA-4365-93F1-5034C945ECCE}.Debug|Any CPU.Build.0 = Debug|Any CPU
		{F4EF8962-D5FA-4365-93F1-5034C945ECCE}.Release|Any CPU.ActiveCfg = Release|Any CPU
		{F4EF8962-D5FA-4365-93F1-5034C945ECCE}.Release|Any CPU.Build.0 = Release|Any CPU
	EndGlobalSection
	GlobalSection(SolutionProperties) = preSolution
		HideSolutionNode = FALSE
	EndGlobalSection
	GlobalSection(ExtensibilityGlobals) = postSolution
		SolutionGuid = {1F2A4D01-E3CB-4B6F-AA64-BFBAD6122C20}
	EndGlobalSection
EndGlobal
